
Microsoft Visual Studio Solution File, Format Version 12.00
# Visual Studio Version 16
VisualStudioVersion = 16.0.30711.63
MinimumVisualStudioVersion = 10.0.40219.1
Project("{8BC9CEB8-8B4A-11D0-8D11-00A0C91BC942}") = "SimpleTCP", "SimpleTCP.vcxproj", "{0407ED65-1B45-4E4F-82B8-92B2B7B9786C}"
EndProject
Global
	GlobalSection(SolutionConfigurationPlatforms) = preSolution
		Debug|x64 = Debug|x64
		Debug|x86 = Debug|x86
		Release|x64 = Release|x64
		Release|x86 = Release|x86
	EndGlobalSection
	GlobalSection(ProjectConfigurationPlatforms) = postSolution
		{0407ED65-1B45-4E4F-82B8-92B2B7B9786C}.Debug|x64.ActiveCfg = Debug|x64
		{0407ED65-1B45-4E4F-82B8-92B2B7B9786C}.Debug|x64.Build.0 = Debug|x64
		{0407ED65-1B45-4E4F-82B8-92B2B7B9786C}.Debug|x86.ActiveCfg = Debug|Win32
		{0407ED65-1B45-4E4F-82B8-92B2B7B9786C}.Debug|x86.Build.0 = Debug|Win32
		{0407ED65-1B45-4E4F-82B8-92B2B7B9786C}.Release|x64.ActiveCfg = Release|x64
		{0407ED65-1B45-4E4F-82B8-92B2B7B9786C}.Release|x64.Build.0 = Release|x64
		{0407ED65-1B45-4E4F-82B8-92B2B7B9786C}.Release|x86.ActiveCfg = Release|Win32
		{0407ED65-1B45-4E4F-82B8-92B2B7B9786C}.Release|x86.Build.0 = Release|Win32
	EndGlobalSection
	GlobalSection(SolutionProperties) = preSolution
		HideSolutionNode = FALSE
	EndGlobalSection
	GlobalSection(ExtensibilityGlobals) = postSolution
		SolutionGuid = {98C587CB-F510-4B92-9DC7-C6B1337ECD41}
	EndGlobalSection
EndGlobal
